
Microsoft Visual Studio Solution File, Format Version 12.00
# Visual Studio Version 16
VisualStudioVersion = 16.0.31424.327
MinimumVisualStudioVersion = 10.0.40219.1
Project("{9A19103F-16F7-4668-BE54-9A1E7A4F7556}") = "Presentation", "Presentation\Presentation.csproj", "{FBBA7968-EBA6-486C-BE9B-C52B6B19EF5E}"
EndProject
Project("{FAE04EC0-301F-11D3-BF4B-00C04F79EFBC}") = "Application", "Application\Application.csproj", "{890E325B-2B49-4EF1-AEB1-E198EC31BB49}"
EndProject
Project("{FAE04EC0-301F-11D3-BF4B-00C04F79EFBC}") = "Domain", "Domain\Domain.csproj", "{4E02CDF8-CDD1-42B5-87F6-67822D597CCB}"
EndProject
Global
	GlobalSection(SolutionConfigurationPlatforms) = preSolution
		Debug|Any CPU = Debug|Any CPU
		Release|Any CPU = Release|Any CPU
	EndGlobalSection
	GlobalSection(ProjectConfigurationPlatforms) = postSolution
		{FBBA7968-EBA6-486C-BE9B-C52B6B19EF5E}.Debug|Any CPU.ActiveCfg = Debug|Any CPU
		{FBBA7968-EBA6-486C-BE9B-C52B6B19EF5E}.Debug|Any CPU.Build.0 = Debug|Any CPU
		{FBBA7968-EBA6-486C-BE9B-C52B6B19EF5E}.Release|Any CPU.ActiveCfg = Release|Any CPU
		{FBBA7968-EBA6-486C-BE9B-C52B6B19EF5E}.Release|Any CPU.Build.0 = Release|Any CPU
		{890E325B-2B49-4EF1-AEB1-E198EC31BB49}.Debug|Any CPU.ActiveCfg = Debug|Any CPU
		{890E325B-2B49-4EF1-AEB1-E198EC31BB49}.Debug|Any CPU.Build.0 = Debug|Any CPU
		{890E325B-2B49-4EF1-AEB1-E198EC31BB49}.Release|Any CPU.ActiveCfg = Release|Any CPU
		{890E325B-2B49-4EF1-AEB1-E198EC31BB49}.Release|Any CPU.Build.0 = Release|Any CPU
		{4E02CDF8-CDD1-42B5-87F6-67822D597CCB}.Debug|Any CPU.ActiveCfg = Debug|Any CPU
		{4E02CDF8-CDD1-42B5-87F6-67822D597CCB}.Debug|Any CPU.Build.0 = Debug|Any CPU
		{4E02CDF8-CDD1-42B5-87F6-67822D597CCB}.Release|Any CPU.ActiveCfg = Release|Any CPU
		{4E02CDF8-CDD1-42B5-87F6-67822D597CCB}.Release|Any CPU.Build.0 = Release|Any CPU
	EndGlobalSection
	GlobalSection(SolutionProperties) = preSolution
		HideSolutionNode = FALSE
	EndGlobalSection
	GlobalSection(ExtensibilityGlobals) = postSolution
		SolutionGuid = {123220F8-A4DB-4897-A1B5-EA39A538BCB7}
	EndGlobalSection
EndGlobal
